
Microsoft Visual Studio Solution File, Format Version 12.00
# Visual Studio Version 17
VisualStudioVersion = 17.0.31903.59
MinimumVisualStudioVersion = 10.0.40219.1
Project("{FAE04EC0-301F-11D3-BF4B-00C04F79EFBC}") = "main", "main\main.csproj", "{849C67A0-0BB3-4933-AFDB-06027684A28B}"
EndProject
Project("{FAE04EC0-301F-11D3-BF4B-00C04F79EFBC}") = "test", "test\test.csproj", "{C7A92783-BC25-40E5-BB3B-D57D1E8C9357}"
EndProject
Global
	GlobalSection(SolutionConfigurationPlatforms) = preSolution
		Debug|Any CPU = Debug|Any CPU
		Release|Any CPU = Release|Any CPU
	EndGlobalSection
	GlobalSection(SolutionProperties) = preSolution
		HideSolutionNode = FALSE
	EndGlobalSection
	GlobalSection(ProjectConfigurationPlatforms) = postSolution
		{849C67A0-0BB3-4933-AFDB-06027684A28B}.Debug|Any CPU.ActiveCfg = Debug|Any CPU
		{849C67A0-0BB3-4933-AFDB-06027684A28B}.Debug|Any CPU.Build.0 = Debug|Any CPU
		{849C67A0-0BB3-4933-AFDB-06027684A28B}.Release|Any CPU.ActiveCfg = Release|Any CPU
		{849C67A0-0BB3-4933-AFDB-06027684A28B}.Release|Any CPU.Build.0 = Release|Any CPU
		{C7A92783-BC25-40E5-BB3B-D57D1E8C9357}.Debug|Any CPU.ActiveCfg = Debug|Any CPU
		{C7A92783-BC25-40E5-BB3B-D57D1E8C9357}.Debug|Any CPU.Build.0 = Debug|Any CPU
		{C7A92783-BC25-40E5-BB3B-D57D1E8C9357}.Release|Any CPU.ActiveCfg = Release|Any CPU
		{C7A92783-BC25-40E5-BB3B-D57D1E8C9357}.Release|Any CPU.Build.0 = Release|Any CPU
	EndGlobalSection
EndGlobal
